
Microsoft Visual Studio Solution File, Format Version 12.00
# Visual Studio 15
VisualStudioVersion = 15.0.28307.1972
MinimumVisualStudioVersion = 10.0.40219.1
Project("{FAE04EC0-301F-11D3-BF4B-00C04F79EFBC}") = "TestAPI", "TestAPI\TestAPI.csproj", "{D09AAF6B-BBAB-4054-BEE3-575403B46D5D}"
EndProject
Global
	GlobalSection(SolutionConfigurationPlatforms) = preSolution
		Debug|Any CPU = Debug|Any CPU
		Release|Any CPU = Release|Any CPU
	EndGlobalSection
	GlobalSection(ProjectConfigurationPlatforms) = postSolution
		{D09AAF6B-BBAB-4054-BEE3-575403B46D5D}.Debug|Any CPU.ActiveCfg = Debug|Any CPU
		{D09AAF6B-BBAB-4054-BEE3-575403B46D5D}.Debug|Any CPU.Build.0 = Debug|Any CPU
		{D09AAF6B-BBAB-4054-BEE3-575403B46D5D}.Release|Any CPU.ActiveCfg = Release|Any CPU
		{D09AAF6B-BBAB-4054-BEE3-575403B46D5D}.Release|Any CPU.Build.0 = Release|Any CPU
	EndGlobalSection
	GlobalSection(SolutionProperties) = preSolution
		HideSolutionNode = FALSE
	EndGlobalSection
	GlobalSection(ExtensibilityGlobals) = postSolution
		SolutionGuid = {FA12FFFF-C495-47E1-AB31-9650CE80D9B8}
	EndGlobalSection
EndGlobal
